
Microsoft Visual Studio Solution File, Format Version 12.00
# Visual Studio Version 16
VisualStudioVersion = 16.0.29920.165
MinimumVisualStudioVersion = 10.0.40219.1
Project("{FAE04EC0-301F-11D3-BF4B-00C04F79EFBC}") = "HireEachOther", "HireEachOther\HireEachOther.csproj", "{3B8A6322-61C1-4D17-ACA3-82DB5E7F5494}"
EndProject
Global
	GlobalSection(SolutionConfigurationPlatforms) = preSolution
		Debug|Any CPU = Debug|Any CPU
		Release|Any CPU = Release|Any CPU
	EndGlobalSection
	GlobalSection(ProjectConfigurationPlatforms) = postSolution
		{3B8A6322-61C1-4D17-ACA3-82DB5E7F5494}.Debug|Any CPU.ActiveCfg = Debug|Any CPU
		{3B8A6322-61C1-4D17-ACA3-82DB5E7F5494}.Debug|Any CPU.Build.0 = Debug|Any CPU
		{3B8A6322-61C1-4D17-ACA3-82DB5E7F5494}.Release|Any CPU.ActiveCfg = Release|Any CPU
		{3B8A6322-61C1-4D17-ACA3-82DB5E7F5494}.Release|Any CPU.Build.0 = Release|Any CPU
	EndGlobalSection
	GlobalSection(SolutionProperties) = preSolution
		HideSolutionNode = FALSE
	EndGlobalSection
	GlobalSection(ExtensibilityGlobals) = postSolution
		SolutionGuid = {7DC9DB53-D3C4-417D-B847-7061D3DEA983}
	EndGlobalSection
EndGlobal
